
Microsoft Visual Studio Solution File, Format Version 12.00
# Visual Studio Version 17
VisualStudioVersion = 17.14.37027.9 d17.14
MinimumVisualStudioVersion = 10.0.40219.1
Project("{FAE04EC0-301F-11D3-BF4B-00C04F79EFBC}") = "ankush", "ankush.csproj", "{921E79A6-F162-47AF-BB2B-C081506917BD}"
EndProject
Global
	GlobalSection(SolutionConfigurationPlatforms) = preSolution
		Debug|Any CPU = Debug|Any CPU
		Release|Any CPU = Release|Any CPU
	EndGlobalSection
	GlobalSection(ProjectConfigurationPlatforms) = postSolution
		{921E79A6-F162-47AF-BB2B-C081506917BD}.Debug|Any CPU.ActiveCfg = Debug|Any CPU
		{921E79A6-F162-47AF-BB2B-C081506917BD}.Debug|Any CPU.Build.0 = Debug|Any CPU
		{921E79A6-F162-47AF-BB2B-C081506917BD}.Release|Any CPU.ActiveCfg = Release|Any CPU
		{921E79A6-F162-47AF-BB2B-C081506917BD}.Release|Any CPU.Build.0 = Release|Any CPU
	EndGlobalSection
	GlobalSection(SolutionProperties) = preSolution
		HideSolutionNode = FALSE
	EndGlobalSection
	GlobalSection(ExtensibilityGlobals) = postSolution
		SolutionGuid = {E57E23D4-12DE-4C51-8DE2-163246953EFD}
	EndGlobalSection
EndGlobal
